
Microsoft Visual Studio Solution File, Format Version 12.00
# Visual Studio 15
VisualStudioVersion = 15.0.28307.757
MinimumVisualStudioVersion = 10.0.40219.1
Project("{FAE04EC0-301F-11D3-BF4B-00C04F79EFBC}") = "Senai.Filmes.WebApi", "Senai.Filmes.WebApi\Senai.Filmes.WebApi.csproj", "{BEAB3B58-280F-48BC-9CB8-8D6B8F90AF95}"
EndProject
Global
	GlobalSection(SolutionConfigurationPlatforms) = preSolution
		Debug|Any CPU = Debug|Any CPU
		Release|Any CPU = Release|Any CPU
	EndGlobalSection
	GlobalSection(ProjectConfigurationPlatforms) = postSolution
		{BEAB3B58-280F-48BC-9CB8-8D6B8F90AF95}.Debug|Any CPU.ActiveCfg = Debug|Any CPU
		{BEAB3B58-280F-48BC-9CB8-8D6B8F90AF95}.Debug|Any CPU.Build.0 = Debug|Any CPU
		{BEAB3B58-280F-48BC-9CB8-8D6B8F90AF95}.Release|Any CPU.ActiveCfg = Release|Any CPU
		{BEAB3B58-280F-48BC-9CB8-8D6B8F90AF95}.Release|Any CPU.Build.0 = Release|Any CPU
	EndGlobalSection
	GlobalSection(SolutionProperties) = preSolution
		HideSolutionNode = FALSE
	EndGlobalSection
	GlobalSection(ExtensibilityGlobals) = postSolution
		SolutionGuid = {6ACF4F7E-31FE-4ABD-A201-F186D56B65A9}
	EndGlobalSection
EndGlobal
