
Microsoft Visual Studio Solution File, Format Version 12.00
# Visual Studio 15
VisualStudioVersion = 15.0.28307.757
MinimumVisualStudioVersion = 10.0.40219.1
Project("{FAE04EC0-301F-11D3-BF4B-00C04F79EFBC}") = "Senai.ManualPecas.WebApi", "Senai.ManualPecas.WebApi\Senai.ManualPecas.WebApi.csproj", "{433DB317-D7EA-477B-AE2C-73B7AA3C1D2B}"
EndProject
Global
	GlobalSection(SolutionConfigurationPlatforms) = preSolution
		Debug|Any CPU = Debug|Any CPU
		Release|Any CPU = Release|Any CPU
	EndGlobalSection
	GlobalSection(ProjectConfigurationPlatforms) = postSolution
		{433DB317-D7EA-477B-AE2C-73B7AA3C1D2B}.Debug|Any CPU.ActiveCfg = Debug|Any CPU
		{433DB317-D7EA-477B-AE2C-73B7AA3C1D2B}.Debug|Any CPU.Build.0 = Debug|Any CPU
		{433DB317-D7EA-477B-AE2C-73B7AA3C1D2B}.Release|Any CPU.ActiveCfg = Release|Any CPU
		{433DB317-D7EA-477B-AE2C-73B7AA3C1D2B}.Release|Any CPU.Build.0 = Release|Any CPU
	EndGlobalSection
	GlobalSection(SolutionProperties) = preSolution
		HideSolutionNode = FALSE
	EndGlobalSection
	GlobalSection(ExtensibilityGlobals) = postSolution
		SolutionGuid = {17B15A9D-9436-47BF-8D42-D7FB60959A41}
	EndGlobalSection
EndGlobal
